
Microsoft Visual Studio Solution File, Format Version 12.00
# Visual Studio 15
VisualStudioVersion = 15.0.28307.572
MinimumVisualStudioVersion = 10.0.40219.1
Project("{9A19103F-16F7-4668-BE54-9A1E7A4F7556}") = "Customer.Profile.Api", "Customer.Profile.Api\Customer.Profile.Api.csproj", "{FBDB1195-D3AF-4F29-B991-1CFD509A9EC0}"
EndProject
Project("{9A19103F-16F7-4668-BE54-9A1E7A4F7556}") = "Customer.Profile.Store", "Customer.Profile.Store\Customer.Profile.Store.csproj", "{B6AF9466-FFDF-479C-AFD2-EA40365801D5}"
EndProject
Project("{FAE04EC0-301F-11D3-BF4B-00C04F79EFBC}") = "NUnitTestProject1", "NUnitTestProject1\NUnitTestProject1.csproj", "{23BD65F4-6FC2-4F08-B155-2012F038CD8D}"
EndProject
Project("{FAE04EC0-301F-11D3-BF4B-00C04F79EFBC}") = "Customer.Profile.Web", "Customer.Profile.Web\Customer.Profile.Web.csproj", "{426D2449-1FBB-4369-9345-C14587094BEA}"
EndProject
Global
	GlobalSection(SolutionConfigurationPlatforms) = preSolution
		Debug|Any CPU = Debug|Any CPU
		Release|Any CPU = Release|Any CPU
	EndGlobalSection
	GlobalSection(ProjectConfigurationPlatforms) = postSolution
		{FBDB1195-D3AF-4F29-B991-1CFD509A9EC0}.Debug|Any CPU.ActiveCfg = Debug|Any CPU
		{FBDB1195-D3AF-4F29-B991-1CFD509A9EC0}.Debug|Any CPU.Build.0 = Debug|Any CPU
		{FBDB1195-D3AF-4F29-B991-1CFD509A9EC0}.Release|Any CPU.ActiveCfg = Release|Any CPU
		{FBDB1195-D3AF-4F29-B991-1CFD509A9EC0}.Release|Any CPU.Build.0 = Release|Any CPU
		{B6AF9466-FFDF-479C-AFD2-EA40365801D5}.Debug|Any CPU.ActiveCfg = Debug|Any CPU
		{B6AF9466-FFDF-479C-AFD2-EA40365801D5}.Debug|Any CPU.Build.0 = Debug|Any CPU
		{B6AF9466-FFDF-479C-AFD2-EA40365801D5}.Release|Any CPU.ActiveCfg = Release|Any CPU
		{B6AF9466-FFDF-479C-AFD2-EA40365801D5}.Release|Any CPU.Build.0 = Release|Any CPU
		{23BD65F4-6FC2-4F08-B155-2012F038CD8D}.Debug|Any CPU.ActiveCfg = Debug|Any CPU
		{23BD65F4-6FC2-4F08-B155-2012F038CD8D}.Debug|Any CPU.Build.0 = Debug|Any CPU
		{23BD65F4-6FC2-4F08-B155-2012F038CD8D}.Release|Any CPU.ActiveCfg = Release|Any CPU
		{23BD65F4-6FC2-4F08-B155-2012F038CD8D}.Release|Any CPU.Build.0 = Release|Any CPU
		{426D2449-1FBB-4369-9345-C14587094BEA}.Debug|Any CPU.ActiveCfg = Debug|Any CPU
		{426D2449-1FBB-4369-9345-C14587094BEA}.Debug|Any CPU.Build.0 = Debug|Any CPU
		{426D2449-1FBB-4369-9345-C14587094BEA}.Release|Any CPU.ActiveCfg = Release|Any CPU
		{426D2449-1FBB-4369-9345-C14587094BEA}.Release|Any CPU.Build.0 = Release|Any CPU
	EndGlobalSection
	GlobalSection(SolutionProperties) = preSolution
		HideSolutionNode = FALSE
	EndGlobalSection
	GlobalSection(ExtensibilityGlobals) = postSolution
		SolutionGuid = {3F5D29CA-93DF-457C-9AC9-72FBC623AFE9}
	EndGlobalSection
EndGlobal
